{
    "requires": true,
    "lockfileVersion": 1,
    "dependencies": {
        "moment": {
            "version": "2.22.2",
            "resolved": "https://registry.npmjs.org/moment/-/moment-2.22.2.tgz",
            "integrity": "sha1-PCV/mDn8DpP/UxSWMiOeuQeD/2Y="
        },
        "moment.distance": {
            "version": "1.0.1",
            "resolved": "https://registry.npmjs.org/moment.distance/-/moment.distance-1.0.1.tgz",
            "integrity": "sha1-0NRrry22jJ9uakl2srK2BVPrqa8="
        }
    }
}
